
Microsoft Visual Studio Solution File, Format Version 12.00
# Visual Studio Version 16
VisualStudioVersion = 16.0.30517.126
MinimumVisualStudioVersion = 10.0.40219.1
Project("{FAE04EC0-301F-11D3-BF4B-00C04F79EFBC}") = "FinanceProject", "FinanceProject.csproj", "{388FE784-03DC-472E-A59E-D2551C73DE38}"
EndProject
Global
	GlobalSection(SolutionConfigurationPlatforms) = preSolution
		Debug|Any CPU = Debug|Any CPU
		Release|Any CPU = Release|Any CPU
	EndGlobalSection
	GlobalSection(ProjectConfigurationPlatforms) = postSolution
		{388FE784-03DC-472E-A59E-D2551C73DE38}.Debug|Any CPU.ActiveCfg = Debug|Any CPU
		{388FE784-03DC-472E-A59E-D2551C73DE38}.Debug|Any CPU.Build.0 = Debug|Any CPU
		{388FE784-03DC-472E-A59E-D2551C73DE38}.Release|Any CPU.ActiveCfg = Release|Any CPU
		{388FE784-03DC-472E-A59E-D2551C73DE38}.Release|Any CPU.Build.0 = Release|Any CPU
	EndGlobalSection
	GlobalSection(SolutionProperties) = preSolution
		HideSolutionNode = FALSE
	EndGlobalSection
	GlobalSection(ExtensibilityGlobals) = postSolution
		SolutionGuid = {9D9F3C6B-578D-4FE2-819C-805700FB98F0}
	EndGlobalSection
EndGlobal
